
Microsoft Visual Studio Solution File, Format Version 12.00
Project("{FAE04EC0-301F-11D3-BF4B-00C04F79EFBC}") = "RefraSin.Core", "RefraSin.Core\RefraSin.Core.csproj", "{8943F31C-49BF-49D3-A9A6-865361977EF0}"
EndProject
Project("{FAE04EC0-301F-11D3-BF4B-00C04F79EFBC}") = "RefraSin.Plotting", "RefraSin.Plotting\RefraSin.Plotting.csproj", "{A2BBE80F-7D5E-4C1A-A51B-FE064E219473}"
EndProject
Project("{FAE04EC0-301F-11D3-BF4B-00C04F79EFBC}") = "Tests", "Tests\Tests.csproj", "{7BC14A43-C7F9-4C23-8BE1-B15C0C5D311E}"
EndProject
Project("{F2A71F9B-5D33-465A-A702-920D77279786}") = "RefraSin.Analysis", "RefraSin.Analysis\RefraSin.Analysis.fsproj", "{04942B55-D968-4A9B-92E7-6C4024964644}"
EndProject
Global
	GlobalSection(SolutionConfigurationPlatforms) = preSolution
		Debug|Any CPU = Debug|Any CPU
		Release|Any CPU = Release|Any CPU
	EndGlobalSection
	GlobalSection(ProjectConfigurationPlatforms) = postSolution
		{8943F31C-49BF-49D3-A9A6-865361977EF0}.Debug|Any CPU.ActiveCfg = Debug|Any CPU
		{8943F31C-49BF-49D3-A9A6-865361977EF0}.Debug|Any CPU.Build.0 = Debug|Any CPU
		{8943F31C-49BF-49D3-A9A6-865361977EF0}.Release|Any CPU.ActiveCfg = Release|Any CPU
		{8943F31C-49BF-49D3-A9A6-865361977EF0}.Release|Any CPU.Build.0 = Release|Any CPU
		{A2BBE80F-7D5E-4C1A-A51B-FE064E219473}.Debug|Any CPU.ActiveCfg = Debug|Any CPU
		{A2BBE80F-7D5E-4C1A-A51B-FE064E219473}.Debug|Any CPU.Build.0 = Debug|Any CPU
		{A2BBE80F-7D5E-4C1A-A51B-FE064E219473}.Release|Any CPU.ActiveCfg = Release|Any CPU
		{A2BBE80F-7D5E-4C1A-A51B-FE064E219473}.Release|Any CPU.Build.0 = Release|Any CPU
		{7BC14A43-C7F9-4C23-8BE1-B15C0C5D311E}.Debug|Any CPU.ActiveCfg = Debug|Any CPU
		{7BC14A43-C7F9-4C23-8BE1-B15C0C5D311E}.Debug|Any CPU.Build.0 = Debug|Any CPU
		{7BC14A43-C7F9-4C23-8BE1-B15C0C5D311E}.Release|Any CPU.ActiveCfg = Release|Any CPU
		{7BC14A43-C7F9-4C23-8BE1-B15C0C5D311E}.Release|Any CPU.Build.0 = Release|Any CPU
		{04942B55-D968-4A9B-92E7-6C4024964644}.Debug|Any CPU.ActiveCfg = Debug|Any CPU
		{04942B55-D968-4A9B-92E7-6C4024964644}.Debug|Any CPU.Build.0 = Debug|Any CPU
		{04942B55-D968-4A9B-92E7-6C4024964644}.Release|Any CPU.ActiveCfg = Release|Any CPU
		{04942B55-D968-4A9B-92E7-6C4024964644}.Release|Any CPU.Build.0 = Release|Any CPU
	EndGlobalSection
	GlobalSection(NestedProjects) = preSolution
	EndGlobalSection
EndGlobal
